
Microsoft Visual Studio Solution File, Format Version 12.00
# Visual Studio Version 17
VisualStudioVersion = 17.13.35825.156 d17.13
MinimumVisualStudioVersion = 10.0.40219.1
Project("{FAE04EC0-301F-11D3-BF4B-00C04F79EFBC}") = "MyWeb", "MyWeb.csproj", "{9BE6EE81-D578-4D1F-B786-D03AD22EDD43}"
EndProject
Global
	GlobalSection(SolutionConfigurationPlatforms) = preSolution
		Debug|Any CPU = Debug|Any CPU
		Release|Any CPU = Release|Any CPU
	EndGlobalSection
	GlobalSection(ProjectConfigurationPlatforms) = postSolution
		{9BE6EE81-D578-4D1F-B786-D03AD22EDD43}.Debug|Any CPU.ActiveCfg = Debug|Any CPU
		{9BE6EE81-D578-4D1F-B786-D03AD22EDD43}.Debug|Any CPU.Build.0 = Debug|Any CPU
		{9BE6EE81-D578-4D1F-B786-D03AD22EDD43}.Release|Any CPU.ActiveCfg = Release|Any CPU
		{9BE6EE81-D578-4D1F-B786-D03AD22EDD43}.Release|Any CPU.Build.0 = Release|Any CPU
	EndGlobalSection
	GlobalSection(SolutionProperties) = preSolution
		HideSolutionNode = FALSE
	EndGlobalSection
	GlobalSection(ExtensibilityGlobals) = postSolution
		SolutionGuid = {6C4C7824-EC80-438D-A985-D2AA5BE52BCE}
	EndGlobalSection
EndGlobal
